// !$*UTF8*$!
{
	archiveVersion = 1;
	classes = {
	};
	objectVersion = 50;
	objects = {

/* Begin PBXBuildFile section */
		69491850210645A500B29D93 /* WeatherDataModel.swift in Sources */ = {isa = PBXBuildFile; fileRef = 6949184F210645A500B29D93 /* WeatherDataModel.swift */; };
		69491852210673F800B29D93 /* ChangeCityViewController.swift in Sources */ = {isa = PBXBuildFile; fileRef = 69491851210673F800B29D93 /* ChangeCityViewController.swift */; };
		694918542106745900B29D93 /* ChangeCityDelegate.swift in Sources */ = {isa = PBXBuildFile; fileRef = 694918532106745900B29D93 /* ChangeCityDelegate.swift */; };
		69979F8D2105899D00B0A175 /* AppDelegate.swift in Sources */ = {isa = PBXBuildFile; fileRef = 69979F8C2105899D00B0A175 /* AppDelegate.swift */; };
		69979F8F2105899D00B0A175 /* HomescreenViewController.swift in Sources */ = {isa = PBXBuildFile; fileRef = 69979F8E2105899D00B0A175 /* HomescreenViewController.swift */; };
		69979F922105899D00B0A175 /* Main.storyboard in Resources */ = {isa = PBXBuildFile; fileRef = 69979F902105899D00B0A175 /* Main.storyboard */; };
		69979F94210589A100B0A175 /* Assets.xcassets in Resources */ = {isa = PBXBuildFile; fileRef = 69979F93210589A100B0A175 /* Assets.xcassets */; };
		69979F97210589A100B0A175 /* LaunchScreen.storyboard in Resources */ = {isa = PBXBuildFile; fileRef = 69979F95210589A100B0A175 /* LaunchScreen.storyboard */; };
		69CD21AA2105A3520030EF4C /* OpenWeatherMap.swift in Sources */ = {isa = PBXBuildFile; fileRef = 69CD21A92105A3520030EF4C /* OpenWeatherMap.swift */; };
		C44A46086A134EA6674EB57A /* Pods_WeatherApp.framework in Frameworks */ = {isa = PBXBuildFile; fileRef = C2A6E3210683B3662DFB6973 /* Pods_WeatherApp.framework */; };
/* End PBXBuildFile section */

/* Begin PBXFileReference section */
		566F5268AC6898B7E4A2F50A /* Pods-WeatherApp.release.xcconfig */ = {isa = PBXFileReference; includeInIndex = 1; lastKnownFileType = text.xcconfig; name = "Pods-WeatherApp.release.xcconfig"; path = "Pods/Target Support Files/Pods-WeatherApp/Pods-WeatherApp.release.xcconfig"; sourceTree = "<group>"; };
		6949184F210645A500B29D93 /* WeatherDataModel.swift */ = {isa = PBXFileReference; lastKnownFileType = sourcecode.swift; path = WeatherDataModel.swift; sourceTree = "<group>"; };
		69491851210673F800B29D93 /* ChangeCityViewController.swift */ = {isa = PBXFileReference; lastKnownFileType = sourcecode.swift; path = ChangeCityViewController.swift; sourceTree = "<group>"; };
		694918532106745900B29D93 /* ChangeCityDelegate.swift */ = {isa = PBXFileReference; lastKnownFileType = sourcecode.swift; path = ChangeCityDelegate.swift; sourceTree = "<group>"; };
		69979F892105899D00B0A175 /* WeatherApp.app */ = {isa = PBXFileReference; explicitFileType = wrapper.application; includeInIndex = 0; path = WeatherApp.app; sourceTree = BUILT_PRODUCTS_DIR; };
		69979F8C2105899D00B0A175 /* AppDelegate.swift */ = {isa = PBXFileReference; lastKnownFileType = sourcecode.swift; path = AppDelegate.swift; sourceTree = "<group>"; };
		69979F8E2105899D00B0A175 /* HomescreenViewController.swift */ = {isa = PBXFileReference; lastKnownFileType = sourcecode.swift; path = HomescreenViewController.swift; sourceTree = "<group>"; };
		69979F912105899D00B0A175 /* Base */ = {isa = PBXFileReference; lastKnownFileType = file.storyboard; name = Base; path = Base.lproj/Main.storyboard; sourceTree = "<group>"; };
		69979F93210589A100B0A175 /* Assets.xcassets */ = {isa = PBXFileReference; lastKnownFileType = folder.assetcatalog; path = Assets.xcassets; sourceTree = "<group>"; };
		69979F96210589A100B0A175 /* Base */ = {isa = PBXFileReference; lastKnownFileType = file.storyboard; name = Base; path = Base.lproj/LaunchScreen.storyboard; sourceTree = "<group>"; };
		69979F98210589A100B0A175 /* Info.plist */ = {isa = PBXFileReference; lastKnownFileType = text.plist.xml; path = Info.plist; sourceTree = "<group>"; };
		69CD21A92105A3520030EF4C /* OpenWeatherMap.swift */ = {isa = PBXFileReference; lastKnownFileType = sourcecode.swift; path = OpenWeatherMap.swift; sourceTree = "<group>"; };
		BE9B7C5E1AB5474A504E6708 /* Pods-WeatherApp.debug.xcconfig */ = {isa = PBXFileReference; includeInIndex = 1; lastKnownFileType = text.xcconfig; name = "Pods-WeatherApp.debug.xcconfig"; path = "Pods/Target Support Files/Pods-WeatherApp/Pods-WeatherApp.debug.xcconfig"; sourceTree = "<group>"; };
		C2A6E3210683B3662DFB6973 /* Pods_WeatherApp.framework */ = {isa = PBXFileReference; explicitFileType = wrapper.framework; includeInIndex = 0; path = Pods_WeatherApp.framework; sourceTree = BUILT_PRODUCTS_DIR; };
/* End PBXFileReference section */

/* Begin PBXFrameworksBuildPhase section */
		69979F862105899D00B0A175 /* Frameworks */ = {
			isa = PBXFrameworksBuildPhase;
			buildActionMask = 2147483647;
			files = (
				C44A46086A134EA6674EB57A /* Pods_WeatherApp.framework in Frameworks */,
			);
			runOnlyForDeploymentPostprocessing = 0;
		};
/* End PBXFrameworksBuildPhase section */

/* Begin PBXGroup section */
		105DD89F7717B6DF1217FD5E /* Frameworks */ = {
			isa = PBXGroup;
			children = (
				C2A6E3210683B3662DFB6973 /* Pods_WeatherApp.framework */,
			);
			name = Frameworks;
			sourceTree = "<group>";
		};
		2974A4BB6E3504DBDBB3CFA2 /* Pods */ = {
			isa = PBXGroup;
			children = (
				BE9B7C5E1AB5474A504E6708 /* Pods-WeatherApp.debug.xcconfig */,
				566F5268AC6898B7E4A2F50A /* Pods-WeatherApp.release.xcconfig */,
			);
			name = Pods;
			sourceTree = "<group>";
		};
		6937BD9A21058E2C00D38F2B /* Controller */ = {
			isa = PBXGroup;
			children = (
				69979F8C2105899D00B0A175 /* AppDelegate.swift */,
				694918532106745900B29D93 /* ChangeCityDelegate.swift */,
				69979F8E2105899D00B0A175 /* HomescreenViewController.swift */,
				69491851210673F800B29D93 /* ChangeCityViewController.swift */,
			);
			path = Controller;
			sourceTree = "<group>";
		};
		6937BD9B21058E3600D38F2B /* View */ = {
			isa = PBXGroup;
			children = (
				69979F902105899D00B0A175 /* Main.storyboard */,
			);
			path = View;
			sourceTree = "<group>";
		};
		6937BD9C21058E4D00D38F2B /* Model */ = {
			isa = PBXGroup;
			children = (
				6949184F210645A500B29D93 /* WeatherDataModel.swift */,
			);
			path = Model;
			sourceTree = "<group>";
		};
		69979F802105899D00B0A175 = {
			isa = PBXGroup;
			children = (
				69979F8B2105899D00B0A175 /* WeatherApp */,
				69979F8A2105899D00B0A175 /* Products */,
				2974A4BB6E3504DBDBB3CFA2 /* Pods */,
				105DD89F7717B6DF1217FD5E /* Frameworks */,
			);
			sourceTree = "<group>";
		};
		69979F8A2105899D00B0A175 /* Products */ = {
			isa = PBXGroup;
			children = (
				69979F892105899D00B0A175 /* WeatherApp.app */,
			);
			name = Products;
			sourceTree = "<group>";
		};
		69979F8B2105899D00B0A175 /* WeatherApp */ = {
			isa = PBXGroup;
			children = (
				6937BD9C21058E4D00D38F2B /* Model */,
				6937BD9B21058E3600D38F2B /* View */,
				6937BD9A21058E2C00D38F2B /* Controller */,
				69CD21A82105A3250030EF4C /* Services */,
				69979F93210589A100B0A175 /* Assets.xcassets */,
				69979F95210589A100B0A175 /* LaunchScreen.storyboard */,
				69979F98210589A100B0A175 /* Info.plist */,
			);
			path = WeatherApp;
			sourceTree = "<group>";
		};
		69CD21A82105A3250030EF4C /* Services */ = {
			isa = PBXGroup;
			children = (
				69CD21A92105A3520030EF4C /* OpenWeatherMap.swift */,
			);
			path = Services;
			sourceTree = "<group>";
		};
/* End PBXGroup section */

/* Begin PBXNativeTarget section */
		69979F882105899D00B0A175 /* WeatherApp */ = {
			isa = PBXNativeTarget;
			buildConfigurationList = 69979F9B210589A100B0A175 /* Build configuration list for PBXNativeTarget "WeatherApp" */;
			buildPhases = (
				1B04AC5B8E3ADF6AF02B3FC9 /* [CP] Check Pods Manifest.lock */,
				69979F852105899D00B0A175 /* Sources */,
				69979F862105899D00B0A175 /* Frameworks */,
				69979F872105899D00B0A175 /* Resources */,
				67B5C8ED1BD0A976AE600049 /* [CP] Embed Pods Frameworks */,
				7D3F7E04DD88C0098A90A593 /* [CP] Copy Pods Resources */,
			);
			buildRules = (
			);
			dependencies = (
			);
			name = WeatherApp;
			productName = WeatherApp;
			productReference = 69979F892105899D00B0A175 /* WeatherApp.app */;
			productType = "com.apple.product-type.application";
		};
/* End PBXNativeTarget section */

/* Begin PBXProject section */
		69979F812105899D00B0A175 /* Project object */ = {
			isa = PBXProject;
			attributes = {
				LastSwiftUpdateCheck = 0930;
				LastUpgradeCheck = 0930;
				ORGANIZATIONNAME = "Johnny Young";
				TargetAttributes = {
					69979F882105899D00B0A175 = {
						CreatedOnToolsVersion = 9.3;
					};
				};
			};
			buildConfigurationList = 69979F842105899D00B0A175 /* Build configuration list for PBXProject "WeatherApp" */;
			compatibilityVersion = "Xcode 9.3";
			developmentRegion = en;
			hasScannedForEncodings = 0;
			knownRegions = (
				en,
				Base,
			);
			mainGroup = 69979F802105899D00B0A175;
			productRefGroup = 69979F8A2105899D00B0A175 /* Products */;
			projectDirPath = "";
			projectRoot = "";
			targets = (
				69979F882105899D00B0A175 /* WeatherApp */,
			);
		};
/* End PBXProject section */

/* Begin PBXResourcesBuildPhase section */
		69979F872105899D00B0A175 /* Resources */ = {
			isa = PBXResourcesBuildPhase;
			buildActionMask = 2147483647;
			files = (
				69979F97210589A100B0A175 /* LaunchScreen.storyboard in Resources */,
				69979F94210589A100B0A175 /* Assets.xcassets in Resources */,
				69979F922105899D00B0A175 /* Main.storyboard in Resources */,
			);
			runOnlyForDeploymentPostprocessing = 0;
		};
/* End PBXResourcesBuildPhase section */

/* Begin PBXShellScriptBuildPhase section */
		1B04AC5B8E3ADF6AF02B3FC9 /* [CP] Check Pods Manifest.lock */ = {
			isa = PBXShellScriptBuildPhase;
			buildActionMask = 2147483647;
			files = (
			);
			inputPaths = (
				"${PODS_PODFILE_DIR_PATH}/Podfile.lock",
				"${PODS_ROOT}/Manifest.lock",
			);
			name = "[CP] Check Pods Manifest.lock";
			outputPaths = (
				"$(DERIVED_FILE_DIR)/Pods-WeatherApp-checkManifestLockResult.txt",
			);
			runOnlyForDeploymentPostprocessing = 0;
			shellPath = /bin/sh;
			shellScript = "diff \"${PODS_PODFILE_DIR_PATH}/Podfile.lock\" \"${PODS_ROOT}/Manifest.lock\" > /dev/null\nif [ $? != 0 ] ; then\n    # print error to STDERR\n    echo \"error: The sandbox is not in sync with the Podfile.lock. Run 'pod install' or update your CocoaPods installation.\" >&2\n    exit 1\nfi\n# This output is used by Xcode 'outputs' to avoid re-running this script phase.\necho \"SUCCESS\" > \"${SCRIPT_OUTPUT_FILE_0}\"\n";
			showEnvVarsInLog = 0;
		};
		67B5C8ED1BD0A976AE600049 /* [CP] Embed Pods Frameworks */ = {
			isa = PBXShellScriptBuildPhase;
			buildActionMask = 2147483647;
			files = (
			);
			inputPaths = (
				"${SRCROOT}/Pods/Target Support Files/Pods-WeatherApp/Pods-WeatherApp-frameworks.sh",
				"${BUILT_PRODUCTS_DIR}/Alamofire/Alamofire.framework",
				"${BUILT_PRODUCTS_DIR}/SwiftyJSON/SwiftyJSON.framework",
			);
			name = "[CP] Embed Pods Frameworks";
			outputPaths = (
				"${TARGET_BUILD_DIR}/${FRAMEWORKS_FOLDER_PATH}/Alamofire.framework",
				"${TARGET_BUILD_DIR}/${FRAMEWORKS_FOLDER_PATH}/SwiftyJSON.framework",
			);
			runOnlyForDeploymentPostprocessing = 0;
			shellPath = /bin/sh;
			shellScript = "\"${SRCROOT}/Pods/Target Support Files/Pods-WeatherApp/Pods-WeatherApp-frameworks.sh\"\n";
			showEnvVarsInLog = 0;
		};
		7D3F7E04DD88C0098A90A593 /* [CP] Copy Pods Resources */ = {
			isa = PBXShellScriptBuildPhase;
			buildActionMask = 2147483647;
			files = (
			);
			inputPaths = (
			);
			name = "[CP] Copy Pods Resources";
			outputPaths = (
			);
			runOnlyForDeploymentPostprocessing = 0;
			shellPath = /bin/sh;
			shellScript = "\"${SRCROOT}/Pods/Target Support Files/Pods-WeatherApp/Pods-WeatherApp-resources.sh\"\n";
			showEnvVarsInLog = 0;
		};
/* End PBXShellScriptBuildPhase section */

/* Begin PBXSourcesBuildPhase section */
		69979F852105899D00B0A175 /* Sources */ = {
			isa = PBXSourcesBuildPhase;
			buildActionMask = 2147483647;
			files = (
				69491850210645A500B29D93 /* WeatherDataModel.swift in Sources */,
				694918542106745900B29D93 /* ChangeCityDelegate.swift in Sources */,
				69CD21AA2105A3520030EF4C /* OpenWeatherMap.swift in Sources */,
				69979F8F2105899D00B0A175 /* HomescreenViewController.swift in Sources */,
				69491852210673F800B29D93 /* ChangeCityViewController.swift in Sources */,
				69979F8D2105899D00B0A175 /* AppDelegate.swift in Sources */,
			);
			runOnlyForDeploymentPostprocessing = 0;
		};
/* End PBXSourcesBuildPhase section */

/* Begin PBXVariantGroup section */
		69979F902105899D00B0A175 /* Main.storyboard */ = {
			isa = PBXVariantGroup;
			children = (
				69979F912105899D00B0A175 /* Base */,
			);
			name = Main.storyboard;
			sourceTree = "<group>";
		};
		69979F95210589A100B0A175 /* LaunchScreen.storyboard */ = {
			isa = PBXVariantGroup;
			children = (
				69979F96210589A100B0A175 /* Base */,
			);
			name = LaunchScreen.storyboard;
			sourceTree = "<group>";
		};
/* End PBXVariantGroup section */

/* Begin XCBuildConfiguration section */
		69979F99210589A100B0A175 /* Debug */ = {
			isa = XCBuildConfiguration;
			buildSettings = {
				ALWAYS_SEARCH_USER_PATHS = NO;
				CLANG_ANALYZER_NONNULL = YES;
				CLANG_ANALYZER_NUMBER_OBJECT_CONVERSION = YES_AGGRESSIVE;
				CLANG_CXX_LANGUAGE_STANDARD = "gnu++14";
				CLANG_CXX_LIBRARY = "libc++";
				CLANG_ENABLE_MODULES = YES;
				CLANG_ENABLE_OBJC_ARC = YES;
				CLANG_ENABLE_OBJC_WEAK = YES;
				CLANG_WARN_BLOCK_CAPTURE_AUTORELEASING = YES;
				CLANG_WARN_BOOL_CONVERSION = YES;
				CLANG_WARN_COMMA = YES;
				CLANG_WARN_CONSTANT_CONVERSION = YES;
				CLANG_WARN_DEPRECATED_OBJC_IMPLEMENTATIONS = YES;
				CLANG_WARN_DIRECT_OBJC_ISA_USAGE = YES_ERROR;
				CLANG_WARN_DOCUMENTATION_COMMENTS = YES;
				CLANG_WARN_EMPTY_BODY = YES;
				CLANG_WARN_ENUM_CONVERSION = YES;
				CLANG_WARN_INFINITE_RECURSION = YES;
				CLANG_WARN_INT_CONVERSION = YES;
				CLANG_WARN_NON_LITERAL_NULL_CONVERSION = YES;
				CLANG_WARN_OBJC_IMPLICIT_RETAIN_SELF = YES;
				CLANG_WARN_OBJC_LITERAL_CONVERSION = YES;
				CLANG_WARN_OBJC_ROOT_CLASS = YES_ERROR;
				CLANG_WARN_RANGE_LOOP_ANALYSIS = YES;
				CLANG_WARN_STRICT_PROTOTYPES = YES;
				CLANG_WARN_SUSPICIOUS_MOVE = YES;
				CLANG_WARN_UNGUARDED_AVAILABILITY = YES_AGGRESSIVE;
				CLANG_WARN_UNREACHABLE_CODE = YES;
				CLANG_WARN__DUPLICATE_METHOD_MATCH = YES;
				CODE_SIGN_IDENTITY = "iPhone Developer";
				COPY_PHASE_STRIP = NO;
				DEBUG_INFORMATION_FORMAT = dwarf;
				ENABLE_STRICT_OBJC_MSGSEND = YES;
				ENABLE_TESTABILITY = YES;
				GCC_C_LANGUAGE_STANDARD = gnu11;
				GCC_DYNAMIC_NO_PIC = NO;
				GCC_NO_COMMON_BLOCKS = YES;
				GCC_OPTIMIZATION_LEVEL = 0;
				GCC_PREPROCESSOR_DEFINITIONS = (
					"DEBUG=1",
					"$(inherited)",
				);
				GCC_WARN_64_TO_32_BIT_CONVERSION = YES;
				GCC_WARN_ABOUT_RETURN_TYPE = YES_ERROR;
				GCC_WARN_UNDECLARED_SELECTOR = YES;
				GCC_WARN_UNINITIALIZED_AUTOS = YES_AGGRESSIVE;
				GCC_WARN_UNUSED_FUNCTION = YES;
				GCC_WARN_UNUSED_VARIABLE = YES;
				IPHONEOS_DEPLOYMENT_TARGET = 11.3;
				MTL_ENABLE_DEBUG_INFO = YES;
				ONLY_ACTIVE_ARCH = YES;
				SDKROOT = iphoneos;
				SWIFT_ACTIVE_COMPILATION_CONDITIONS = DEBUG;
				SWIFT_OPTIMIZATION_LEVEL = "-Onone";
			};
			name = Debug;
		};
		69979F9A210589A100B0A175 /* Release */ = {
			isa = XCBuildConfiguration;
			buildSettings = {
				ALWAYS_SEARCH_USER_PATHS = NO;
				CLANG_ANALYZER_NONNULL = YES;
				CLANG_ANALYZER_NUMBER_OBJECT_CONVERSION = YES_AGGRESSIVE;
				CLANG_CXX_LANGUAGE_STANDARD = "gnu++14";
				CLANG_CXX_LIBRARY = "libc++";
				CLANG_ENABLE_MODULES = YES;
				CLANG_ENABLE_OBJC_ARC = YES;
				CLANG_ENABLE_OBJC_WEAK = YES;
				CLANG_WARN_BLOCK_CAPTURE_AUTORELEASING = YES;
				CLANG_WARN_BOOL_CONVERSION = YES;
				CLANG_WARN_COMMA = YES;
				CLANG_WARN_CONSTANT_CONVERSION = YES;
				CLANG_WARN_DEPRECATED_OBJC_IMPLEMENTATIONS = YES;
				CLANG_WARN_DIRECT_OBJC_ISA_USAGE = YES_ERROR;
				CLANG_WARN_DOCUMENTATION_COMMENTS = YES;
				CLANG_WARN_EMPTY_BODY = YES;
				CLANG_WARN_ENUM_CONVERSION = YES;
				CLANG_WARN_INFINITE_RECURSION = YES;
				CLANG_WARN_INT_CONVERSION = YES;
				CLANG_WARN_NON_LITERAL_NULL_CONVERSION = YES;
				CLANG_WARN_OBJC_IMPLICIT_RETAIN_SELF = YES;
				CLANG_WARN_OBJC_LITERAL_CONVERSION = YES;
				CLANG_WARN_OBJC_ROOT_CLASS = YES_ERROR;
				CLANG_WARN_RANGE_LOOP_ANALYSIS = YES;
				CLANG_WARN_STRICT_PROTOTYPES = YES;
				CLANG_WARN_SUSPICIOUS_MOVE = YES;
				CLANG_WARN_UNGUARDED_AVAILABILITY = YES_AGGRESSIVE;
				CLANG_WARN_UNREACHABLE_CODE = YES;
				CLANG_WARN__DUPLICATE_METHOD_MATCH = YES;
				CODE_SIGN_IDENTITY = "iPhone Developer";
				COPY_PHASE_STRIP = NO;
				DEBUG_INFORMATION_FORMAT = "dwarf-with-dsym";
				ENABLE_NS_ASSERTIONS = NO;
				ENABLE_STRICT_OBJC_MSGSEND = YES;
				GCC_C_LANGUAGE_STANDARD = gnu11;
				GCC_NO_COMMON_BLOCKS = YES;
				GCC_WARN_64_TO_32_BIT_CONVERSION = YES;
				GCC_WARN_ABOUT_RETURN_TYPE = YES_ERROR;
				GCC_WARN_UNDECLARED_SELECTOR = YES;
				GCC_WARN_UNINITIALIZED_AUTOS = YES_AGGRESSIVE;
				GCC_WARN_UNUSED_FUNCTION = YES;
				GCC_WARN_UNUSED_VARIABLE = YES;
				IPHONEOS_DEPLOYMENT_TARGET = 11.3;
				MTL_ENABLE_DEBUG_INFO = NO;
				SDKROOT = iphoneos;
				SWIFT_COMPILATION_MODE = wholemodule;
				SWIFT_OPTIMIZATION_LEVEL = "-O";
				VALIDATE_PRODUCT = YES;
			};
			name = Release;
		};
		69979F9C210589A100B0A175 /* Debug */ = {
			isa = XCBuildConfiguration;
			baseConfigurationReference = BE9B7C5E1AB5474A504E6708 /* Pods-WeatherApp.debug.xcconfig */;
			buildSettings = {
				ASSETCATALOG_COMPILER_APPICON_NAME = AppIcon;
				CODE_SIGN_STYLE = Automatic;
				DEVELOPMENT_TEAM = 9U8FL2384T;
				INFOPLIST_FILE = WeatherApp/Info.plist;
				LD_RUNPATH_SEARCH_PATHS = (
					"$(inherited)",
					"@executable_path/Frameworks",
				);
				PRODUCT_BUNDLE_IDENTIFIER = com.johnnyyoung.WeatherApp;
				PRODUCT_NAME = "$(TARGET_NAME)";
				SWIFT_VERSION = 4.0;
				TARGETED_DEVICE_FAMILY = 1;
			};
			name = Debug;
		};
		69979F9D210589A100B0A175 /* Release */ = {
			isa = XCBuildConfiguration;
			baseConfigurationReference = 566F5268AC6898B7E4A2F50A /* Pods-WeatherApp.release.xcconfig */;
			buildSettings = {
				ASSETCATALOG_COMPILER_APPICON_NAME = AppIcon;
				CODE_SIGN_STYLE = Automatic;
				DEVELOPMENT_TEAM = 9U8FL2384T;
				INFOPLIST_FILE = WeatherApp/Info.plist;
				LD_RUNPATH_SEARCH_PATHS = (
					"$(inherited)",
					"@executable_path/Frameworks",
				);
				PRODUCT_BUNDLE_IDENTIFIER = com.johnnyyoung.WeatherApp;
				PRODUCT_NAME = "$(TARGET_NAME)";
				SWIFT_VERSION = 4.0;
				TARGETED_DEVICE_FAMILY = 1;
			};
			name = Release;
		};
/* End XCBuildConfiguration section */

/* Begin XCConfigurationList section */
		69979F842105899D00B0A175 /* Build configuration list for PBXProject "WeatherApp" */ = {
			isa = XCConfigurationList;
			buildConfigurations = (
				69979F99210589A100B0A175 /* Debug */,
				69979F9A210589A100B0A175 /* Release */,
			);
			defaultConfigurationIsVisible = 0;
			defaultConfigurationName = Release;
		};
		69979F9B210589A100B0A175 /* Build configuration list for PBXNativeTarget "WeatherApp" */ = {
			isa = XCConfigurationList;
			buildConfigurations = (
				69979F9C210589A100B0A175 /* Debug */,
				69979F9D210589A100B0A175 /* Release */,
			);
			defaultConfigurationIsVisible = 0;
			defaultConfigurationName = Release;
		};
/* End XCConfigurationList section */
	};
	rootObject = 69979F812105899D00B0A175 /* Project object */;
}
